// !$*UTF8*$!
{
	archiveVersion = 1;
	classes = {
	};
	objectVersion = 55;
	objects = {

/* Begin PBXBuildFile section */
		F34E41F32803858E00199A49 /* PersonalCardApp.swift in Sources */ = {isa = PBXBuildFile; fileRef = F34E41F22803858E00199A49 /* PersonalCardApp.swift */; };
		F34E41F52803858E00199A49 /* ContentView.swift in Sources */ = {isa = PBXBuildFile; fileRef = F34E41F42803858E00199A49 /* ContentView.swift */; };
		F34E41F72803858F00199A49 /* Assets.xcassets in Resources */ = {isa = PBXBuildFile; fileRef = F34E41F62803858F00199A49 /* Assets.xcassets */; };
		F34E42032803878800199A49 /* Nunito-VariableFont_wght.ttf in Resources */ = {isa = PBXBuildFile; fileRef = F34E42012803878700199A49 /* Nunito-VariableFont_wght.ttf */; };
		F34E42062803897C00199A49 /* Nunito.ttf in Resources */ = {isa = PBXBuildFile; fileRef = F34E42052803897C00199A49 /* Nunito.ttf */; };
		F3E936C12804BD38004F9923 /* Trophy.png in Resources */ = {isa = PBXBuildFile; fileRef = F3E936C02804BD38004F9923 /* Trophy.png */; };
		F3E936C42804DD97004F9923 /* InfoView.swift in Sources */ = {isa = PBXBuildFile; fileRef = F3E936C32804DD97004F9923 /* InfoView.swift */; };
/* End PBXBuildFile section */

/* Begin PBXFileReference section */
		F34E41EF2803858E00199A49 /* PersonalCard.app */ = {isa = PBXFileReference; explicitFileType = wrapper.application; includeInIndex = 0; path = PersonalCard.app; sourceTree = BUILT_PRODUCTS_DIR; };
		F34E41F22803858E00199A49 /* PersonalCardApp.swift */ = {isa = PBXFileReference; lastKnownFileType = sourcecode.swift; path = PersonalCardApp.swift; sourceTree = "<group>"; };
		F34E41F42803858E00199A49 /* ContentView.swift */ = {isa = PBXFileReference; lastKnownFileType = sourcecode.swift; path = ContentView.swift; sourceTree = "<group>"; };
		F34E41F62803858F00199A49 /* Assets.xcassets */ = {isa = PBXFileReference; lastKnownFileType = folder.assetcatalog; path = Assets.xcassets; sourceTree = "<group>"; };
		F34E42012803878700199A49 /* Nunito-VariableFont_wght.ttf */ = {isa = PBXFileReference; lastKnownFileType = file; name = "Nunito-VariableFont_wght.ttf"; path = "../../../../../../../../../Downloads/Nunito/Nunito-VariableFont_wght.ttf"; sourceTree = "<group>"; };
		F34E42052803897C00199A49 /* Nunito.ttf */ = {isa = PBXFileReference; lastKnownFileType = file; name = Nunito.ttf; path = ../../../../../../../../../Downloads/Nunito/Nunito.ttf; sourceTree = "<group>"; };
		F34E4207280389F500199A49 /* Info.plist */ = {isa = PBXFileReference; lastKnownFileType = text.plist; path = Info.plist; sourceTree = "<group>"; };
		F3E936C02804BD38004F9923 /* Trophy.png */ = {isa = PBXFileReference; lastKnownFileType = image.png; name = Trophy.png; path = ../../../../../../../GameArt/TaskHero/trophyartpack/Trophy_Art_Pack_png/Trophy.png; sourceTree = "<group>"; };
		F3E936C32804DD97004F9923 /* InfoView.swift */ = {isa = PBXFileReference; lastKnownFileType = sourcecode.swift; path = InfoView.swift; sourceTree = "<group>"; };
/* End PBXFileReference section */

/* Begin PBXFrameworksBuildPhase section */
		F34E41EC2803858E00199A49 /* Frameworks */ = {
			isa = PBXFrameworksBuildPhase;
			buildActionMask = 2147483647;
			files = (
			);
			runOnlyForDeploymentPostprocessing = 0;
		};
/* End PBXFrameworksBuildPhase section */

/* Begin PBXGroup section */
		F34E41E62803858E00199A49 = {
			isa = PBXGroup;
			children = (
				F34E41F12803858E00199A49 /* PersonalCard */,
				F34E41F02803858E00199A49 /* Products */,
			);
			sourceTree = "<group>";
		};
		F34E41F02803858E00199A49 /* Products */ = {
			isa = PBXGroup;
			children = (
				F34E41EF2803858E00199A49 /* PersonalCard.app */,
			);
			name = Products;
			sourceTree = "<group>";
		};
		F34E41F12803858E00199A49 /* PersonalCard */ = {
			isa = PBXGroup;
			children = (
				F34E4207280389F500199A49 /* Info.plist */,
				F34E42002803876900199A49 /* Fonts */,
				F34E41F22803858E00199A49 /* PersonalCardApp.swift */,
				F34E41F42803858E00199A49 /* ContentView.swift */,
				F3E936C32804DD97004F9923 /* InfoView.swift */,
				F34E41F62803858F00199A49 /* Assets.xcassets */,
				F3E936C02804BD38004F9923 /* Trophy.png */,
			);
			path = PersonalCard;
			sourceTree = "<group>";
		};
		F34E42002803876900199A49 /* Fonts */ = {
			isa = PBXGroup;
			children = (
				F34E42052803897C00199A49 /* Nunito.ttf */,
				F34E42012803878700199A49 /* Nunito-VariableFont_wght.ttf */,
			);
			path = Fonts;
			sourceTree = "<group>";
		};
/* End PBXGroup section */

/* Begin PBXNativeTarget section */
		F34E41EE2803858E00199A49 /* PersonalCard */ = {
			isa = PBXNativeTarget;
			buildConfigurationList = F34E41FD2803858F00199A49 /* Build configuration list for PBXNativeTarget "PersonalCard" */;
			buildPhases = (
				F34E41EB2803858E00199A49 /* Sources */,
				F34E41EC2803858E00199A49 /* Frameworks */,
				F34E41ED2803858E00199A49 /* Resources */,
			);
			buildRules = (
			);
			dependencies = (
			);
			name = PersonalCard;
			productName = PersonalCard;
			productReference = F34E41EF2803858E00199A49 /* PersonalCard.app */;
			productType = "com.apple.product-type.application";
		};
/* End PBXNativeTarget section */

/* Begin PBXProject section */
		F34E41E72803858E00199A49 /* Project object */ = {
			isa = PBXProject;
			attributes = {
				BuildIndependentTargetsInParallel = 1;
				LastSwiftUpdateCheck = 1330;
				LastUpgradeCheck = 1330;
				TargetAttributes = {
					F34E41EE2803858E00199A49 = {
						CreatedOnToolsVersion = 13.3;
					};
				};
			};
			buildConfigurationList = F34E41EA2803858E00199A49 /* Build configuration list for PBXProject "PersonalCard" */;
			compatibilityVersion = "Xcode 13.0";
			developmentRegion = en;
			hasScannedForEncodings = 0;
			knownRegions = (
				en,
				Base,
			);
			mainGroup = F34E41E62803858E00199A49;
			productRefGroup = F34E41F02803858E00199A49 /* Products */;
			projectDirPath = "";
			projectRoot = "";
			targets = (
				F34E41EE2803858E00199A49 /* PersonalCard */,
			);
		};
/* End PBXProject section */

/* Begin PBXResourcesBuildPhase section */
		F34E41ED2803858E00199A49 /* Resources */ = {
			isa = PBXResourcesBuildPhase;
			buildActionMask = 2147483647;
			files = (
				F34E42032803878800199A49 /* Nunito-VariableFont_wght.ttf in Resources */,
				F34E41F72803858F00199A49 /* Assets.xcassets in Resources */,
				F34E42062803897C00199A49 /* Nunito.ttf in Resources */,
				F3E936C12804BD38004F9923 /* Trophy.png in Resources */,
			);
			runOnlyForDeploymentPostprocessing = 0;
		};
/* End PBXResourcesBuildPhase section */

/* Begin PBXSourcesBuildPhase section */
		F34E41EB2803858E00199A49 /* Sources */ = {
			isa = PBXSourcesBuildPhase;
			buildActionMask = 2147483647;
			files = (
				F34E41F52803858E00199A49 /* ContentView.swift in Sources */,
				F3E936C42804DD97004F9923 /* InfoView.swift in Sources */,
				F34E41F32803858E00199A49 /* PersonalCardApp.swift in Sources */,
			);
			runOnlyForDeploymentPostprocessing = 0;
		};
/* End PBXSourcesBuildPhase section */

/* Begin XCBuildConfiguration section */
		F34E41FB2803858F00199A49 /* Debug */ = {
			isa = XCBuildConfiguration;
			buildSettings = {
				ALWAYS_SEARCH_USER_PATHS = NO;
				CLANG_ANALYZER_NONNULL = YES;
				CLANG_ANALYZER_NUMBER_OBJECT_CONVERSION = YES_AGGRESSIVE;
				CLANG_CXX_LANGUAGE_STANDARD = "gnu++17";
				CLANG_ENABLE_MODULES = YES;
				CLANG_ENABLE_OBJC_ARC = YES;
				CLANG_ENABLE_OBJC_WEAK = YES;
				CLANG_WARN_BLOCK_CAPTURE_AUTORELEASING = YES;
				CLANG_WARN_BOOL_CONVERSION = YES;
				CLANG_WARN_COMMA = YES;
				CLANG_WARN_CONSTANT_CONVERSION = YES;
				CLANG_WARN_DEPRECATED_OBJC_IMPLEMENTATIONS = YES;
				CLANG_WARN_DIRECT_OBJC_ISA_USAGE = YES_ERROR;
				CLANG_WARN_DOCUMENTATION_COMMENTS = YES;
				CLANG_WARN_EMPTY_BODY = YES;
				CLANG_WARN_ENUM_CONVERSION = YES;
				CLANG_WARN_INFINITE_RECURSION = YES;
				CLANG_WARN_INT_CONVERSION = YES;
				CLANG_WARN_NON_LITERAL_NULL_CONVERSION = YES;
				CLANG_WARN_OBJC_IMPLICIT_RETAIN_SELF = YES;
				CLANG_WARN_OBJC_LITERAL_CONVERSION = YES;
				CLANG_WARN_OBJC_ROOT_CLASS = YES_ERROR;
				CLANG_WARN_QUOTED_INCLUDE_IN_FRAMEWORK_HEADER = YES;
				CLANG_WARN_RANGE_LOOP_ANALYSIS = YES;
				CLANG_WARN_STRICT_PROTOTYPES = YES;
				CLANG_WARN_SUSPICIOUS_MOVE = YES;
				CLANG_WARN_UNGUARDED_AVAILABILITY = YES_AGGRESSIVE;
				CLANG_WARN_UNREACHABLE_CODE = YES;
				CLANG_WARN__DUPLICATE_METHOD_MATCH = YES;
				COPY_PHASE_STRIP = NO;
				DEBUG_INFORMATION_FORMAT = dwarf;
				ENABLE_STRICT_OBJC_MSGSEND = YES;
				ENABLE_TESTABILITY = YES;
				GCC_C_LANGUAGE_STANDARD = gnu11;
				GCC_DYNAMIC_NO_PIC = NO;
				GCC_NO_COMMON_BLOCKS = YES;
				GCC_OPTIMIZATION_LEVEL = 0;
				GCC_PREPROCESSOR_DEFINITIONS = (
					"DEBUG=1",
					"$(inherited)",
				);
				GCC_WARN_64_TO_32_BIT_CONVERSION = YES;
				GCC_WARN_ABOUT_RETURN_TYPE = YES_ERROR;
				GCC_WARN_UNDECLARED_SELECTOR = YES;
				GCC_WARN_UNINITIALIZED_AUTOS = YES_AGGRESSIVE;
				GCC_WARN_UNUSED_FUNCTION = YES;
				GCC_WARN_UNUSED_VARIABLE = YES;
				IPHONEOS_DEPLOYMENT_TARGET = 15.4;
				MTL_ENABLE_DEBUG_INFO = INCLUDE_SOURCE;
				MTL_FAST_MATH = YES;
				ONLY_ACTIVE_ARCH = YES;
				SDKROOT = iphoneos;
				SWIFT_ACTIVE_COMPILATION_CONDITIONS = DEBUG;
				SWIFT_OPTIMIZATION_LEVEL = "-Onone";
			};
			name = Debug;
		};
		F34E41FC2803858F00199A49 /* Release */ = {
			isa = XCBuildConfiguration;
			buildSettings = {
				ALWAYS_SEARCH_USER_PATHS = NO;
				CLANG_ANALYZER_NONNULL = YES;
				CLANG_ANALYZER_NUMBER_OBJECT_CONVERSION = YES_AGGRESSIVE;
				CLANG_CXX_LANGUAGE_STANDARD = "gnu++17";
				CLANG_ENABLE_MODULES = YES;
				CLANG_ENABLE_OBJC_ARC = YES;
				CLANG_ENABLE_OBJC_WEAK = YES;
				CLANG_WARN_BLOCK_CAPTURE_AUTORELEASING = YES;
				CLANG_WARN_BOOL_CONVERSION = YES;
				CLANG_WARN_COMMA = YES;
				CLANG_WARN_CONSTANT_CONVERSION = YES;
				CLANG_WARN_DEPRECATED_OBJC_IMPLEMENTATIONS = YES;
				CLANG_WARN_DIRECT_OBJC_ISA_USAGE = YES_ERROR;
				CLANG_WARN_DOCUMENTATION_COMMENTS = YES;
				CLANG_WARN_EMPTY_BODY = YES;
				CLANG_WARN_ENUM_CONVERSION = YES;
				CLANG_WARN_INFINITE_RECURSION = YES;
				CLANG_WARN_INT_CONVERSION = YES;
				CLANG_WARN_NON_LITERAL_NULL_CONVERSION = YES;
				CLANG_WARN_OBJC_IMPLICIT_RETAIN_SELF = YES;
				CLANG_WARN_OBJC_LITERAL_CONVERSION = YES;
				CLANG_WARN_OBJC_ROOT_CLASS = YES_ERROR;
				CLANG_WARN_QUOTED_INCLUDE_IN_FRAMEWORK_HEADER = YES;
				CLANG_WARN_RANGE_LOOP_ANALYSIS = YES;
				CLANG_WARN_STRICT_PROTOTYPES = YES;
				CLANG_WARN_SUSPICIOUS_MOVE = YES;
				CLANG_WARN_UNGUARDED_AVAILABILITY = YES_AGGRESSIVE;
				CLANG_WARN_UNREACHABLE_CODE = YES;
				CLANG_WARN__DUPLICATE_METHOD_MATCH = YES;
				COPY_PHASE_STRIP = NO;
				DEBUG_INFORMATION_FORMAT = "dwarf-with-dsym";
				ENABLE_NS_ASSERTIONS = NO;
				ENABLE_STRICT_OBJC_MSGSEND = YES;
				GCC_C_LANGUAGE_STANDARD = gnu11;
				GCC_NO_COMMON_BLOCKS = YES;
				GCC_WARN_64_TO_32_BIT_CONVERSION = YES;
				GCC_WARN_ABOUT_RETURN_TYPE = YES_ERROR;
				GCC_WARN_UNDECLARED_SELECTOR = YES;
				GCC_WARN_UNINITIALIZED_AUTOS = YES_AGGRESSIVE;
				GCC_WARN_UNUSED_FUNCTION = YES;
				GCC_WARN_UNUSED_VARIABLE = YES;
				IPHONEOS_DEPLOYMENT_TARGET = 15.4;
				MTL_ENABLE_DEBUG_INFO = NO;
				MTL_FAST_MATH = YES;
				SDKROOT = iphoneos;
				SWIFT_COMPILATION_MODE = wholemodule;
				SWIFT_OPTIMIZATION_LEVEL = "-O";
				VALIDATE_PRODUCT = YES;
			};
			name = Release;
		};
		F34E41FE2803858F00199A49 /* Debug */ = {
			isa = XCBuildConfiguration;
			buildSettings = {
				ASSETCATALOG_COMPILER_APPICON_NAME = AppIcon;
				ASSETCATALOG_COMPILER_GLOBAL_ACCENT_COLOR_NAME = AccentColor;
				CODE_SIGN_STYLE = Automatic;
				CURRENT_PROJECT_VERSION = 1;
				DEVELOPMENT_ASSET_PATHS = "\"PersonalCard/Preview Content\"";
				DEVELOPMENT_TEAM = P6M7J359RJ;
				ENABLE_PREVIEWS = YES;
				GENERATE_INFOPLIST_FILE = YES;
				INFOPLIST_FILE = PersonalCard/Info.plist;
				INFOPLIST_KEY_UIApplicationSceneManifest_Generation = YES;
				INFOPLIST_KEY_UIApplicationSupportsIndirectInputEvents = YES;
				INFOPLIST_KEY_UILaunchScreen_Generation = YES;
				INFOPLIST_KEY_UISupportedInterfaceOrientations_iPad = "UIInterfaceOrientationPortrait UIInterfaceOrientationPortraitUpsideDown UIInterfaceOrientationLandscapeLeft UIInterfaceOrientationLandscapeRight";
				INFOPLIST_KEY_UISupportedInterfaceOrientations_iPhone = "UIInterfaceOrientationPortrait UIInterfaceOrientationLandscapeLeft UIInterfaceOrientationLandscapeRight";
				LD_RUNPATH_SEARCH_PATHS = (
					"$(inherited)",
					"@executable_path/Frameworks",
				);
				MARKETING_VERSION = 1.0;
				PRODUCT_BUNDLE_IDENTIFIER = com.example.DavidPittman.PersonalCard;
				PRODUCT_NAME = "$(TARGET_NAME)";
				SWIFT_EMIT_LOC_STRINGS = YES;
				SWIFT_VERSION = 5.0;
				TARGETED_DEVICE_FAMILY = "1,2";
			};
			name = Debug;
		};
		F34E41FF2803858F00199A49 /* Release */ = {
			isa = XCBuildConfiguration;
			buildSettings = {
				ASSETCATALOG_COMPILER_APPICON_NAME = AppIcon;
				ASSETCATALOG_COMPILER_GLOBAL_ACCENT_COLOR_NAME = AccentColor;
				CODE_SIGN_STYLE = Automatic;
				CURRENT_PROJECT_VERSION = 1;
				DEVELOPMENT_ASSET_PATHS = "\"PersonalCard/Preview Content\"";
				DEVELOPMENT_TEAM = P6M7J359RJ;
				ENABLE_PREVIEWS = YES;
				GENERATE_INFOPLIST_FILE = YES;
				INFOPLIST_FILE = PersonalCard/Info.plist;
				INFOPLIST_KEY_UIApplicationSceneManifest_Generation = YES;
				INFOPLIST_KEY_UIApplicationSupportsIndirectInputEvents = YES;
				INFOPLIST_KEY_UILaunchScreen_Generation = YES;
				INFOPLIST_KEY_UISupportedInterfaceOrientations_iPad = "UIInterfaceOrientationPortrait UIInterfaceOrientationPortraitUpsideDown UIInterfaceOrientationLandscapeLeft UIInterfaceOrientationLandscapeRight";
				INFOPLIST_KEY_UISupportedInterfaceOrientations_iPhone = "UIInterfaceOrientationPortrait UIInterfaceOrientationLandscapeLeft UIInterfaceOrientationLandscapeRight";
				LD_RUNPATH_SEARCH_PATHS = (
					"$(inherited)",
					"@executable_path/Frameworks",
				);
				MARKETING_VERSION = 1.0;
				PRODUCT_BUNDLE_IDENTIFIER = com.example.DavidPittman.PersonalCard;
				PRODUCT_NAME = "$(TARGET_NAME)";
				SWIFT_EMIT_LOC_STRINGS = YES;
				SWIFT_VERSION = 5.0;
				TARGETED_DEVICE_FAMILY = "1,2";
			};
			name = Release;
		};
/* End XCBuildConfiguration section */

/* Begin XCConfigurationList section */
		F34E41EA2803858E00199A49 /* Build configuration list for PBXProject "PersonalCard" */ = {
			isa = XCConfigurationList;
			buildConfigurations = (
				F34E41FB2803858F00199A49 /* Debug */,
				F34E41FC2803858F00199A49 /* Release */,
			);
			defaultConfigurationIsVisible = 0;
			defaultConfigurationName = Release;
		};
		F34E41FD2803858F00199A49 /* Build configuration list for PBXNativeTarget "PersonalCard" */ = {
			isa = XCConfigurationList;
			buildConfigurations = (
				F34E41FE2803858F00199A49 /* Debug */,
				F34E41FF2803858F00199A49 /* Release */,
			);
			defaultConfigurationIsVisible = 0;
			defaultConfigurationName = Release;
		};
/* End XCConfigurationList section */
	};
	rootObject = F34E41E72803858E00199A49 /* Project object */;
}
